{
  "version": 4,
  "terraform_version": "1.15.8",
  "serial": 3,
  "lineage": "4744a6a3-7b04-f79b-8899-bc2254247a15",
  "outputs": {
    "silver_glue_database_name": {
      "value": "de_ai_25_loggen_silver_glue_db",
      "type": "string"
    },
    "silver_glue_table_name": {
      "value": "silver_logs_tbl",
      "type": "string"
    },
    "silver_s3_location": {
      "value": "s3://de-ai-25-loggen-s3-bk-827913617635/silver/",
      "type": "string"
    }
  },
  "resources": [
    {
      "mode": "managed",
      "type": "aws_glue_catalog_database",
      "name": "silver",
      "provider": "provider[\"registry.terraform.io/hashicorp/aws\"]",
      "instances": [
        {
          "schema_version": 0,
          "attributes": {
            "arn": "arn:aws:glue:ap-northeast-2:827913617635:database/de_ai_25_loggen_silver_glue_db",
            "catalog_id": "827913617635",
            "create_table_default_permission": [
              {
                "permissions": [
                  "ALL"
                ],
                "principal": [
                  {
                    "data_lake_principal_identifier": "IAM_ALLOWED_PRINCIPALS"
                  }
                ]
              }
            ],
            "description": "Silver Parquet 데이터를 Athena/Airflow에서 조회하기 위한 Glue Database",
            "federated_database": [],
            "id": "827913617635:de_ai_25_loggen_silver_glue_db",
            "location_uri": "",
            "name": "de_ai_25_loggen_silver_glue_db",
            "parameters": null,
            "region": "ap-northeast-2",
            "tags": null,
            "tags_all": {
              "ManageBy": "Terraform",
              "Project": "de-ai-25-loggen",
              "Purpose": "Silver Glue Catalog persistence"
            },
            "target_database": []
          },
          "sensitive_attributes": [],
          "identity_schema_version": 0,
          "private": "bnVsbA=="
        }
      ]
    },
    {
      "mode": "managed",
      "type": "aws_glue_catalog_table",
      "name": "silver",
      "provider": "provider[\"registry.terraform.io/hashicorp/aws\"]",
      "instances": [
        {
          "schema_version": 0,
          "attributes": {
            "arn": "arn:aws:glue:ap-northeast-2:827913617635:table/de_ai_25_loggen_silver_glue_db/silver_logs_tbl",
            "catalog_id": "827913617635",
            "database_name": "de_ai_25_loggen_silver_glue_db",
            "description": "",
            "id": "827913617635:de_ai_25_loggen_silver_glue_db:silver_logs_tbl",
            "name": "silver_logs_tbl",
            "open_table_format_input": [],
            "owner": "",
            "parameters": {
              "EXTERNAL": "TRUE",
              "parquet.compression": "SNAPPY",
              "projection.day.digits": "2",
              "projection.day.range": "1,31",
              "projection.day.type": "integer",
              "projection.enabled": "true",
              "projection.hour.digits": "2",
              "projection.hour.range": "0,23",
              "projection.hour.type": "integer",
              "projection.month.digits": "2",
              "projection.month.range": "1,12",
              "projection.month.type": "integer",
              "projection.year.range": "2026,2040",
              "projection.year.type": "integer",
              "storage.location.template": "s3://de-ai-25-loggen-s3-bk-827913617635/silver/year=${year}/month=${month}/day=${day}/hour=${hour}"
            },
            "partition_index": [],
            "partition_keys": [
              {
                "comment": "",
                "name": "year",
                "parameters": null,
                "type": "string"
              },
              {
                "comment": "",
                "name": "month",
                "parameters": null,
                "type": "string"
              },
              {
                "comment": "",
                "name": "day",
                "parameters": null,
                "type": "string"
              },
              {
                "comment": "",
                "name": "hour",
                "parameters": null,
                "type": "string"
              }
            ],
            "region": "ap-northeast-2",
            "retention": 0,
            "storage_descriptor": [
              {
                "additional_locations": null,
                "bucket_columns": null,
                "columns": [
                  {
                    "comment": "",
                    "name": "schema_version",
                    "parameters": null,
                    "type": "string"
                  },
                  {
                    "comment": "",
                    "name": "record_type",
                    "parameters": null,
                    "type": "string"
                  },
                  {
                    "comment": "",
                    "name": "event_id",
                    "parameters": null,
                    "type": "string"
                  },
                  {
                    "comment": "",
                    "name": "trace_id",
                    "parameters": null,
                    "type": "string"
                  },
                  {
                    "comment": "",
                    "name": "run_id",
                    "parameters": null,
                    "type": "string"
                  },
                  {
                    "comment": "",
                    "name": "occurred_at",
                    "parameters": null,
                    "type": "string"
                  },
                  {
                    "comment": "",
                    "name": "generated_at_utc",
                    "parameters": null,
                    "type": "string"
                  },
                  {
                    "comment": "",
                    "name": "domain",
                    "parameters": null,
                    "type": "string"
                  },
                  {
                    "comment": "",
                    "name": "event_type",
                    "parameters": null,
                    "type": "string"
                  },
                  {
                    "comment": "",
                    "name": "service",
                    "parameters": null,
                    "type": "struct\u003cname:string,environment:string,instance_id:string\u003e"
                  },
                  {
                    "comment": "",
                    "name": "client",
                    "parameters": null,
                    "type": "struct\u003cip:string,user_agent:string,device_id:string\u003e"
                  },
                  {
                    "comment": "",
                    "name": "request",
                    "parameters": null,
                    "type": "struct\u003cmethod:string,path:string,request_bytes:bigint\u003e"
                  },
                  {
                    "comment": "",
                    "name": "response",
                    "parameters": null,
                    "type": "struct\u003cstatus_code:int,latency_ms:bigint,response_bytes:bigint\u003e"
                  },
                  {
                    "comment": "",
                    "name": "data",
                    "parameters": null,
                    "type": "struct\u003cuser_id:string,session_id:string,product_id:string,category:string,quantity:bigint,unit_price:bigint,currency:string,campaign:string,keyword:string,result_count:bigint,order_id:string,total_amount:bigint,payment_method:string,payment_result:string,transaction_id:string,customer_id:string,account_id:string,channel:string,risk_score:double,amount:bigint,merchant_id:string,merchant_category:string,authorization_result:string,destination_bank:string,destination_account_token:string,transfer_result:string,balance:bigint,auth_method:string,login_result:string,player_id:string,server_region:string,player_level:bigint,ping_ms:bigint,platform:string,match_id:string,mode:string,party_size:bigint,result:string,score:bigint,duration_seconds:bigint,item_id:string,currency_type:string,purchase_result:string,quest_id:string,reward_xp:bigint,reward_gold:bigint,plant_id:string,line_id:string,equipment_id:string,equipment_type:string,message_id:string,temperature_c:double,vibration_mm_s:double,pressure_bar:double,rpm:bigint,state:string,runtime_seconds:bigint,lot_id:string,sample_size:bigint,defect_count:bigint,quality_result:string,alarm_code:string,severity:string,acknowledged:boolean,maintenance_type:string,technician_id:string,downtime_minutes:bigint\u003e"
                  },
                  {
                    "comment": "",
                    "name": "_silver",
                    "parameters": null,
                    "type": "struct\u003clayer:string,processor:string,schema_version:string,processed_at:string\u003e"
                  }
                ],
                "compressed": true,
                "input_format": "org.apache.hadoop.hive.ql.io.parquet.MapredParquetInputFormat",
                "location": "s3://de-ai-25-loggen-s3-bk-827913617635/silver/",
                "number_of_buckets": 0,
                "output_format": "org.apache.hadoop.hive.ql.io.parquet.MapredParquetOutputFormat",
                "parameters": null,
                "schema_reference": [],
                "ser_de_info": [
                  {
                    "name": "silver-parquet",
                    "parameters": null,
                    "serialization_library": "org.apache.hadoop.hive.ql.io.parquet.serde.ParquetHiveSerDe"
                  }
                ],
                "skewed_info": [],
                "sort_columns": [],
                "stored_as_sub_directories": false
              }
            ],
            "table_type": "EXTERNAL_TABLE",
            "target_table": [],
            "view_definition": [],
            "view_expanded_text": "",
            "view_original_text": ""
          },
          "sensitive_attributes": [],
          "identity_schema_version": 0,
          "private": "bnVsbA==",
          "dependencies": [
            "aws_glue_catalog_database.silver"
          ]
        }
      ]
    }
  ],
  "check_results": null
}
